
Microsoft Visual Studio Solution File, Format Version 12.00
# Visual Studio Version 17
VisualStudioVersion = 17.6.33829.357
MinimumVisualStudioVersion = 10.0.40219.1
Project("{FAE04EC0-301F-11D3-BF4B-00C04F79EFBC}") = "Demopart3", "Demopart3\Demopart3.csproj", "{46B2BC17-1A08-4AA5-A81A-BD152FCB8C91}"
EndProject
Global
	GlobalSection(SolutionConfigurationPlatforms) = preSolution
		Debug|Any CPU = Debug|Any CPU
		Release|Any CPU = Release|Any CPU
	EndGlobalSection
	GlobalSection(ProjectConfigurationPlatforms) = postSolution
		{46B2BC17-1A08-4AA5-A81A-BD152FCB8C91}.Debug|Any CPU.ActiveCfg = Debug|Any CPU
		{46B2BC17-1A08-4AA5-A81A-BD152FCB8C91}.Debug|Any CPU.Build.0 = Debug|Any CPU
		{46B2BC17-1A08-4AA5-A81A-BD152FCB8C91}.Release|Any CPU.ActiveCfg = Release|Any CPU
		{46B2BC17-1A08-4AA5-A81A-BD152FCB8C91}.Release|Any CPU.Build.0 = Release|Any CPU
	EndGlobalSection
	GlobalSection(SolutionProperties) = preSolution
		HideSolutionNode = FALSE
	EndGlobalSection
	GlobalSection(ExtensibilityGlobals) = postSolution
		SolutionGuid = {286EE367-0712-4558-9E0F-93FCB1370526}
	EndGlobalSection
EndGlobal
