
Microsoft Visual Studio Solution File, Format Version 12.00
# Visual Studio Version 17
VisualStudioVersion = 17.6.33829.357
MinimumVisualStudioVersion = 10.0.40219.1
Project("{FAE04EC0-301F-11D3-BF4B-00C04F79EFBC}") = "13july", "13july\13july.csproj", "{B69B42C9-F623-4B4A-BE49-E90C15A96E23}"
EndProject
Global
	GlobalSection(SolutionConfigurationPlatforms) = preSolution
		Debug|Any CPU = Debug|Any CPU
		Release|Any CPU = Release|Any CPU
	EndGlobalSection
	GlobalSection(ProjectConfigurationPlatforms) = postSolution
		{B69B42C9-F623-4B4A-BE49-E90C15A96E23}.Debug|Any CPU.ActiveCfg = Debug|Any CPU
		{B69B42C9-F623-4B4A-BE49-E90C15A96E23}.Debug|Any CPU.Build.0 = Debug|Any CPU
		{B69B42C9-F623-4B4A-BE49-E90C15A96E23}.Release|Any CPU.ActiveCfg = Release|Any CPU
		{B69B42C9-F623-4B4A-BE49-E90C15A96E23}.Release|Any CPU.Build.0 = Release|Any CPU
	EndGlobalSection
	GlobalSection(SolutionProperties) = preSolution
		HideSolutionNode = FALSE
	EndGlobalSection
	GlobalSection(ExtensibilityGlobals) = postSolution
		SolutionGuid = {C57F074B-D357-4C00-AC3F-61DC5B7F74CE}
	EndGlobalSection
EndGlobal
