
Microsoft Visual Studio Solution File, Format Version 12.00
# Visual Studio Version 17
VisualStudioVersion = 17.6.33829.357
MinimumVisualStudioVersion = 10.0.40219.1
Project("{FAE04EC0-301F-11D3-BF4B-00C04F79EFBC}") = "RegistrationFormDetails", "RegistrationFormDetails\RegistrationFormDetails.csproj", "{334E3603-C7C3-4AD0-B5D4-6CB4060C570E}"
EndProject
Global
	GlobalSection(SolutionConfigurationPlatforms) = preSolution
		Debug|Any CPU = Debug|Any CPU
		Release|Any CPU = Release|Any CPU
	EndGlobalSection
	GlobalSection(ProjectConfigurationPlatforms) = postSolution
		{334E3603-C7C3-4AD0-B5D4-6CB4060C570E}.Debug|Any CPU.ActiveCfg = Debug|Any CPU
		{334E3603-C7C3-4AD0-B5D4-6CB4060C570E}.Debug|Any CPU.Build.0 = Debug|Any CPU
		{334E3603-C7C3-4AD0-B5D4-6CB4060C570E}.Release|Any CPU.ActiveCfg = Release|Any CPU
		{334E3603-C7C3-4AD0-B5D4-6CB4060C570E}.Release|Any CPU.Build.0 = Release|Any CPU
	EndGlobalSection
	GlobalSection(SolutionProperties) = preSolution
		HideSolutionNode = FALSE
	EndGlobalSection
	GlobalSection(ExtensibilityGlobals) = postSolution
		SolutionGuid = {3B671DFD-EE9B-4A18-B905-8356A99AC491}
	EndGlobalSection
EndGlobal
