
Microsoft Visual Studio Solution File, Format Version 12.00
# Visual Studio Version 17
VisualStudioVersion = 17.6.33829.357
MinimumVisualStudioVersion = 10.0.40219.1
Project("{FAE04EC0-301F-11D3-BF4B-00C04F79EFBC}") = "test1", "test1\test1.csproj", "{309649D5-35BE-41F0-9210-B8700544F6D9}"
EndProject
Global
	GlobalSection(SolutionConfigurationPlatforms) = preSolution
		Debug|Any CPU = Debug|Any CPU
		Release|Any CPU = Release|Any CPU
	EndGlobalSection
	GlobalSection(ProjectConfigurationPlatforms) = postSolution
		{309649D5-35BE-41F0-9210-B8700544F6D9}.Debug|Any CPU.ActiveCfg = Debug|Any CPU
		{309649D5-35BE-41F0-9210-B8700544F6D9}.Debug|Any CPU.Build.0 = Debug|Any CPU
		{309649D5-35BE-41F0-9210-B8700544F6D9}.Release|Any CPU.ActiveCfg = Release|Any CPU
		{309649D5-35BE-41F0-9210-B8700544F6D9}.Release|Any CPU.Build.0 = Release|Any CPU
	EndGlobalSection
	GlobalSection(SolutionProperties) = preSolution
		HideSolutionNode = FALSE
	EndGlobalSection
	GlobalSection(ExtensibilityGlobals) = postSolution
		SolutionGuid = {06B8C987-4CF8-4ACE-840B-77BCBC4AE652}
	EndGlobalSection
EndGlobal
